
Microsoft Visual Studio Solution File, Format Version 12.00
# Visual Studio 14
VisualStudioVersion = 14.0.25420.1
MinimumVisualStudioVersion = 10.0.40219.1
Project("{FAE04EC0-301F-11D3-BF4B-00C04F79EFBC}") = "WebOrderTbRestaurant", "WebOrderTbRestaurant\WebOrderTbRestaurant.csproj", "{361AE418-09B2-469A-A0F9-E43761D4F3B8}"
	ProjectSection(ProjectDependencies) = postProject
		{1E8F69BE-66D5-48CF-A5BC-2AE14861D929} = {1E8F69BE-66D5-48CF-A5BC-2AE14861D929}
	EndProjectSection
EndProject
Project("{FAE04EC0-301F-11D3-BF4B-00C04F79EFBC}") = "Order_RestaurantWCF", "Order_RestaurantWCF\Order_RestaurantWCF.csproj", "{1E8F69BE-66D5-48CF-A5BC-2AE14861D929}"
EndProject
Global
	GlobalSection(SolutionConfigurationPlatforms) = preSolution
		Debug|Any CPU = Debug|Any CPU
		Release|Any CPU = Release|Any CPU
	EndGlobalSection
	GlobalSection(ProjectConfigurationPlatforms) = postSolution
		{361AE418-09B2-469A-A0F9-E43761D4F3B8}.Debug|Any CPU.ActiveCfg = Debug|Any CPU
		{361AE418-09B2-469A-A0F9-E43761D4F3B8}.Debug|Any CPU.Build.0 = Debug|Any CPU
		{361AE418-09B2-469A-A0F9-E43761D4F3B8}.Release|Any CPU.ActiveCfg = Release|Any CPU
		{361AE418-09B2-469A-A0F9-E43761D4F3B8}.Release|Any CPU.Build.0 = Release|Any CPU
		{1E8F69BE-66D5-48CF-A5BC-2AE14861D929}.Debug|Any CPU.ActiveCfg = Debug|Any CPU
		{1E8F69BE-66D5-48CF-A5BC-2AE14861D929}.Debug|Any CPU.Build.0 = Debug|Any CPU
		{1E8F69BE-66D5-48CF-A5BC-2AE14861D929}.Release|Any CPU.ActiveCfg = Release|Any CPU
		{1E8F69BE-66D5-48CF-A5BC-2AE14861D929}.Release|Any CPU.Build.0 = Release|Any CPU
	EndGlobalSection
	GlobalSection(SolutionProperties) = preSolution
		HideSolutionNode = FALSE
	EndGlobalSection
EndGlobal
